{
  "name": "train-station-acoustics",
  "version": "1.0.0",
  "lockfileVersion": 1,
  "requires": true,
  "dependencies": {
    "xml-formatter": {
      "version": "2.4.1",
      "resolved": "https://registry.npmjs.org/xml-formatter/-/xml-formatter-2.4.1.tgz",
      "integrity": "sha512-UFnFRNum4BxicU9U4DPhIlHAQqHtT/vTdCvC6fiD78xlpug8YLgawW3MHmT1+eCAM7YomvMGZziiMz9AnExZgQ==",
      "requires": {
        "xml-parser-xo": "^3.1.2"
      }
    },
    "xml-parser-xo": {
      "version": "3.1.2",
      "resolved": "https://registry.npmjs.org/xml-parser-xo/-/xml-parser-xo-3.1.2.tgz",
      "integrity": "sha512-Qyttmiy305unyg1ONpArT4FPDL3J+ohXWpMI1ecopClGMw53lCRHJ4FV/fVYHFU6qfEzMV0frqSlNaLo2dw15Q=="
    }
  }
}
